# This file is automatically @generated by Cargo.
# It is not intended for manual editing.
version = 4

[[package]]
name = "alefs-namespace"
version = "0.1.0"
dependencies = [
 "alefs-storage",
 "alefs-types",
]

[[package]]
name = "alefs-query"
version = "0.1.0"
dependencies = [
 "alefs-namespace",
 "alefs-storage",
 "alefs-types",
]

[[package]]
name = "alefs-storage"
version = "0.1.0"

[[package]]
name = "alefs-types"
version = "0.1.0"
